
Microsoft Visual Studio Solution File, Format Version 12.00
# Visual Studio Version 16
VisualStudioVersion = 16.0.31019.35
MinimumVisualStudioVersion = 10.0.40219.1
Project("{FAE04EC0-301F-11D3-BF4B-00C04F79EFBC}") = "SCORE_3.0", "SCORE_3.0\SCORE_3.0.csproj", "{32992F80-6479-45BD-A297-06A5865CFEB5}"
EndProject
Global
	GlobalSection(SolutionConfigurationPlatforms) = preSolution
		Debug|Any CPU = Debug|Any CPU
		Release|Any CPU = Release|Any CPU
	EndGlobalSection
	GlobalSection(ProjectConfigurationPlatforms) = postSolution
		{32992F80-6479-45BD-A297-06A5865CFEB5}.Debug|Any CPU.ActiveCfg = Debug|Any CPU
		{32992F80-6479-45BD-A297-06A5865CFEB5}.Debug|Any CPU.Build.0 = Debug|Any CPU
		{32992F80-6479-45BD-A297-06A5865CFEB5}.Release|Any CPU.ActiveCfg = Release|Any CPU
		{32992F80-6479-45BD-A297-06A5865CFEB5}.Release|Any CPU.Build.0 = Release|Any CPU
	EndGlobalSection
	GlobalSection(SolutionProperties) = preSolution
		HideSolutionNode = FALSE
	EndGlobalSection
	GlobalSection(ExtensibilityGlobals) = postSolution
		SolutionGuid = {B2945C27-E94E-494D-96C4-3F82B026483E}
	EndGlobalSection
EndGlobal
